
Microsoft Visual Studio Solution File, Format Version 9.00
# Visual Studio 2005
Project("{FAE04EC0-301F-11D3-BF4B-00C04F79EFBC}") = "Afg3022", "Afg3022\Afg3022.csproj", "{18E8AFF3-DE49-4EE1-8A28-E3163BAA4A0E}"
EndProject
Global
	GlobalSection(SolutionConfigurationPlatforms) = preSolution
		Debug|Any CPU = Debug|Any CPU
		Release|Any CPU = Release|Any CPU
	EndGlobalSection
	GlobalSection(ProjectConfigurationPlatforms) = postSolution
		{18E8AFF3-DE49-4EE1-8A28-E3163BAA4A0E}.Debug|Any CPU.ActiveCfg = Debug|Any CPU
		{18E8AFF3-DE49-4EE1-8A28-E3163BAA4A0E}.Debug|Any CPU.Build.0 = Debug|Any CPU
		{18E8AFF3-DE49-4EE1-8A28-E3163BAA4A0E}.Release|Any CPU.ActiveCfg = Release|Any CPU
		{18E8AFF3-DE49-4EE1-8A28-E3163BAA4A0E}.Release|Any CPU.Build.0 = Release|Any CPU
	EndGlobalSection
	GlobalSection(SolutionProperties) = preSolution
		HideSolutionNode = FALSE
	EndGlobalSection
EndGlobal
